
Microsoft Visual Studio Solution File, Format Version 12.00
# Visual Studio Version 16
VisualStudioVersion = 16.0.30611.23
MinimumVisualStudioVersion = 10.0.40219.1
Project("{FAE04EC0-301F-11D3-BF4B-00C04F79EFBC}") = "FnAgregation-DSEN-D", "FnAgregation-DSEN-D\FnAgregation-DSEN-D.csproj", "{DA066845-BA45-47B4-A30A-7E2FF6D98D34}"
EndProject
Global
	GlobalSection(SolutionConfigurationPlatforms) = preSolution
		Debug|Any CPU = Debug|Any CPU
		Release|Any CPU = Release|Any CPU
	EndGlobalSection
	GlobalSection(ProjectConfigurationPlatforms) = postSolution
		{DA066845-BA45-47B4-A30A-7E2FF6D98D34}.Debug|Any CPU.ActiveCfg = Debug|Any CPU
		{DA066845-BA45-47B4-A30A-7E2FF6D98D34}.Debug|Any CPU.Build.0 = Debug|Any CPU
		{DA066845-BA45-47B4-A30A-7E2FF6D98D34}.Release|Any CPU.ActiveCfg = Release|Any CPU
		{DA066845-BA45-47B4-A30A-7E2FF6D98D34}.Release|Any CPU.Build.0 = Release|Any CPU
	EndGlobalSection
	GlobalSection(SolutionProperties) = preSolution
		HideSolutionNode = FALSE
	EndGlobalSection
	GlobalSection(ExtensibilityGlobals) = postSolution
		SolutionGuid = {E83AA202-5588-4CB9-80E0-E65E5A9D08C8}
	EndGlobalSection
EndGlobal
